
Microsoft Visual Studio Solution File, Format Version 12.00
# Visual Studio Version 17
VisualStudioVersion = 17.9.34723.18
MinimumVisualStudioVersion = 10.0.40219.1
Project("{FAE04EC0-301F-11D3-BF4B-00C04F79EFBC}") = "Stopwatch and timer", "Stopwatch and timer\Stopwatch and timer.csproj", "{59F38272-4F65-4F50-860B-6C28E962798E}"
EndProject
Global
	GlobalSection(SolutionConfigurationPlatforms) = preSolution
		Debug|Any CPU = Debug|Any CPU
		Release|Any CPU = Release|Any CPU
	EndGlobalSection
	GlobalSection(ProjectConfigurationPlatforms) = postSolution
		{59F38272-4F65-4F50-860B-6C28E962798E}.Debug|Any CPU.ActiveCfg = Debug|Any CPU
		{59F38272-4F65-4F50-860B-6C28E962798E}.Debug|Any CPU.Build.0 = Debug|Any CPU
		{59F38272-4F65-4F50-860B-6C28E962798E}.Release|Any CPU.ActiveCfg = Release|Any CPU
		{59F38272-4F65-4F50-860B-6C28E962798E}.Release|Any CPU.Build.0 = Release|Any CPU
	EndGlobalSection
	GlobalSection(SolutionProperties) = preSolution
		HideSolutionNode = FALSE
	EndGlobalSection
	GlobalSection(ExtensibilityGlobals) = postSolution
		SolutionGuid = {5CE00CCA-1CA3-4B54-8F19-870AE4FD5DD6}
	EndGlobalSection
EndGlobal
